
Microsoft Visual Studio Solution File, Format Version 12.00
# Visual Studio Version 17
VisualStudioVersion = 17.9.34728.123
MinimumVisualStudioVersion = 10.0.40219.1
Project("{9A19103F-16F7-4668-BE54-9A1E7A4F7556}") = "skinet", "skinet\skinet.csproj", "{374E6AEB-668D-4729-8886-21A750C1438C}"
EndProject
Project("{FAE04EC0-301F-11D3-BF4B-00C04F79EFBC}") = "Core", "Core\Core.csproj", "{66C84A4E-6646-404C-B326-B607940AAAA6}"
EndProject
Project("{FAE04EC0-301F-11D3-BF4B-00C04F79EFBC}") = "Infrastructure", "Infrastructure\Infrastructure.csproj", "{A6A15B07-9F65-4173-96F6-D2F2298FB7F3}"
EndProject
Global
	GlobalSection(SolutionConfigurationPlatforms) = preSolution
		Debug|Any CPU = Debug|Any CPU
		Release|Any CPU = Release|Any CPU
	EndGlobalSection
	GlobalSection(ProjectConfigurationPlatforms) = postSolution
		{374E6AEB-668D-4729-8886-21A750C1438C}.Debug|Any CPU.ActiveCfg = Debug|Any CPU
		{374E6AEB-668D-4729-8886-21A750C1438C}.Debug|Any CPU.Build.0 = Debug|Any CPU
		{374E6AEB-668D-4729-8886-21A750C1438C}.Release|Any CPU.ActiveCfg = Release|Any CPU
		{374E6AEB-668D-4729-8886-21A750C1438C}.Release|Any CPU.Build.0 = Release|Any CPU
		{66C84A4E-6646-404C-B326-B607940AAAA6}.Debug|Any CPU.ActiveCfg = Debug|Any CPU
		{66C84A4E-6646-404C-B326-B607940AAAA6}.Debug|Any CPU.Build.0 = Debug|Any CPU
		{66C84A4E-6646-404C-B326-B607940AAAA6}.Release|Any CPU.ActiveCfg = Release|Any CPU
		{66C84A4E-6646-404C-B326-B607940AAAA6}.Release|Any CPU.Build.0 = Release|Any CPU
		{A6A15B07-9F65-4173-96F6-D2F2298FB7F3}.Debug|Any CPU.ActiveCfg = Debug|Any CPU
		{A6A15B07-9F65-4173-96F6-D2F2298FB7F3}.Debug|Any CPU.Build.0 = Debug|Any CPU
		{A6A15B07-9F65-4173-96F6-D2F2298FB7F3}.Release|Any CPU.ActiveCfg = Release|Any CPU
		{A6A15B07-9F65-4173-96F6-D2F2298FB7F3}.Release|Any CPU.Build.0 = Release|Any CPU
	EndGlobalSection
	GlobalSection(SolutionProperties) = preSolution
		HideSolutionNode = FALSE
	EndGlobalSection
	GlobalSection(ExtensibilityGlobals) = postSolution
		SolutionGuid = {6DE0FC4F-34AD-467E-B3BA-4148BA27DCCB}
	EndGlobalSection
EndGlobal
